
Microsoft Visual Studio Solution File, Format Version 12.00
# Visual Studio Version 16
VisualStudioVersion = 16.0.30002.166
MinimumVisualStudioVersion = 10.0.40219.1
Project("{FAE04EC0-301F-11D3-BF4B-00C04F79EFBC}") = "SpotifyToYoutube", "SpotifyToYoutube\SpotifyToYoutube.csproj", "{A020ED3F-D3E5-4305-9C92-F65A453F5E92}"
EndProject
Project("{FAE04EC0-301F-11D3-BF4B-00C04F79EFBC}") = "SpotifyToYoutube.SpotifyData", "SpotifyToYoutube.SpotifyData\SpotifyToYoutube.SpotifyData.csproj", "{A363B105-75D7-4C72-85C1-30AADE59F67E}"
EndProject
Global
	GlobalSection(SolutionConfigurationPlatforms) = preSolution
		Debug|Any CPU = Debug|Any CPU
		Release|Any CPU = Release|Any CPU
	EndGlobalSection
	GlobalSection(ProjectConfigurationPlatforms) = postSolution
		{A020ED3F-D3E5-4305-9C92-F65A453F5E92}.Debug|Any CPU.ActiveCfg = Debug|Any CPU
		{A020ED3F-D3E5-4305-9C92-F65A453F5E92}.Debug|Any CPU.Build.0 = Debug|Any CPU
		{A020ED3F-D3E5-4305-9C92-F65A453F5E92}.Release|Any CPU.ActiveCfg = Release|Any CPU
		{A020ED3F-D3E5-4305-9C92-F65A453F5E92}.Release|Any CPU.Build.0 = Release|Any CPU
		{A363B105-75D7-4C72-85C1-30AADE59F67E}.Debug|Any CPU.ActiveCfg = Debug|Any CPU
		{A363B105-75D7-4C72-85C1-30AADE59F67E}.Debug|Any CPU.Build.0 = Debug|Any CPU
		{A363B105-75D7-4C72-85C1-30AADE59F67E}.Release|Any CPU.ActiveCfg = Release|Any CPU
		{A363B105-75D7-4C72-85C1-30AADE59F67E}.Release|Any CPU.Build.0 = Release|Any CPU
	EndGlobalSection
	GlobalSection(SolutionProperties) = preSolution
		HideSolutionNode = FALSE
	EndGlobalSection
	GlobalSection(ExtensibilityGlobals) = postSolution
		SolutionGuid = {B4D56465-E9B2-4D2C-9084-845CED366710}
	EndGlobalSection
EndGlobal
